
Microsoft Visual Studio Solution File, Format Version 12.00
# Visual Studio Version 17
VisualStudioVersion = 17.7.34031.279
MinimumVisualStudioVersion = 10.0.40219.1
Project("{FAE04EC0-301F-11D3-BF4B-00C04F79EFBC}") = "СontrollerEQ", "СontrollerEQ\СontrollerEQ.csproj", "{B78B8032-0343-422E-AC80-6B67294E346E}"
EndProject
Global
	GlobalSection(SolutionConfigurationPlatforms) = preSolution
		Debug|Any CPU = Debug|Any CPU
		Release|Any CPU = Release|Any CPU
	EndGlobalSection
	GlobalSection(ProjectConfigurationPlatforms) = postSolution
		{B78B8032-0343-422E-AC80-6B67294E346E}.Debug|Any CPU.ActiveCfg = Debug|Any CPU
		{B78B8032-0343-422E-AC80-6B67294E346E}.Debug|Any CPU.Build.0 = Debug|Any CPU
		{B78B8032-0343-422E-AC80-6B67294E346E}.Release|Any CPU.ActiveCfg = Release|Any CPU
		{B78B8032-0343-422E-AC80-6B67294E346E}.Release|Any CPU.Build.0 = Release|Any CPU
	EndGlobalSection
	GlobalSection(SolutionProperties) = preSolution
		HideSolutionNode = FALSE
	EndGlobalSection
	GlobalSection(ExtensibilityGlobals) = postSolution
		SolutionGuid = {FA0AF686-34C3-41CE-9C76-3938990222CD}
	EndGlobalSection
EndGlobal
